
Microsoft Visual Studio Solution File, Format Version 12.00
# Visual Studio 15
VisualStudioVersion = 15.0.27703.2042
MinimumVisualStudioVersion = 10.0.40219.1
Project("{FAE04EC0-301F-11D3-BF4B-00C04F79EFBC}") = "30-running-time-and-complexity", "30-running-time-and-complexity\30-running-time-and-complexity.csproj", "{94118C81-A8FC-4758-BAC0-71B4364EB5D4}"
EndProject
Global
	GlobalSection(SolutionConfigurationPlatforms) = preSolution
		Debug|Any CPU = Debug|Any CPU
		Release|Any CPU = Release|Any CPU
	EndGlobalSection
	GlobalSection(ProjectConfigurationPlatforms) = postSolution
		{94118C81-A8FC-4758-BAC0-71B4364EB5D4}.Debug|Any CPU.ActiveCfg = Debug|Any CPU
		{94118C81-A8FC-4758-BAC0-71B4364EB5D4}.Debug|Any CPU.Build.0 = Debug|Any CPU
		{94118C81-A8FC-4758-BAC0-71B4364EB5D4}.Release|Any CPU.ActiveCfg = Release|Any CPU
		{94118C81-A8FC-4758-BAC0-71B4364EB5D4}.Release|Any CPU.Build.0 = Release|Any CPU
	EndGlobalSection
	GlobalSection(SolutionProperties) = preSolution
		HideSolutionNode = FALSE
	EndGlobalSection
	GlobalSection(ExtensibilityGlobals) = postSolution
		SolutionGuid = {CF2F0976-9692-4AC3-97FF-1AC9284EA8C9}
	EndGlobalSection
EndGlobal
