
Microsoft Visual Studio Solution File, Format Version 12.00
# Visual Studio 15
VisualStudioVersion = 15.0.26430.16
MinimumVisualStudioVersion = 10.0.40219.1
Project("{FAE04EC0-301F-11D3-BF4B-00C04F79EFBC}") = "DrawTools", "DrawTools\DrawTools.csproj", "{1295966B-B12A-404D-99E7-E70806DFCE5B}"
EndProject
Project("{FAE04EC0-301F-11D3-BF4B-00C04F79EFBC}") = "DrawTools_starter", "DrawTools_starter\DrawTools_starter.csproj", "{787521F4-C75E-4DDF-9F6C-2695299AF7B9}"
EndProject
Project("{FAE04EC0-301F-11D3-BF4B-00C04F79EFBC}") = "DrawTools.Tests", "DrawTools.Tests\DrawTools.Tests.csproj", "{F542D92A-C026-4CE0-81C1-26DA35FC1D0C}"
EndProject
Global
	GlobalSection(SolutionConfigurationPlatforms) = preSolution
		Debug|Any CPU = Debug|Any CPU
		Release|Any CPU = Release|Any CPU
	EndGlobalSection
	GlobalSection(ProjectConfigurationPlatforms) = postSolution
		{1295966B-B12A-404D-99E7-E70806DFCE5B}.Debug|Any CPU.ActiveCfg = Debug|Any CPU
		{1295966B-B12A-404D-99E7-E70806DFCE5B}.Debug|Any CPU.Build.0 = Debug|Any CPU
		{1295966B-B12A-404D-99E7-E70806DFCE5B}.Release|Any CPU.ActiveCfg = Release|Any CPU
		{1295966B-B12A-404D-99E7-E70806DFCE5B}.Release|Any CPU.Build.0 = Release|Any CPU
		{787521F4-C75E-4DDF-9F6C-2695299AF7B9}.Debug|Any CPU.ActiveCfg = Debug|Any CPU
		{787521F4-C75E-4DDF-9F6C-2695299AF7B9}.Debug|Any CPU.Build.0 = Debug|Any CPU
		{787521F4-C75E-4DDF-9F6C-2695299AF7B9}.Release|Any CPU.ActiveCfg = Release|Any CPU
		{787521F4-C75E-4DDF-9F6C-2695299AF7B9}.Release|Any CPU.Build.0 = Release|Any CPU
		{F542D92A-C026-4CE0-81C1-26DA35FC1D0C}.Debug|Any CPU.ActiveCfg = Debug|Any CPU
		{F542D92A-C026-4CE0-81C1-26DA35FC1D0C}.Debug|Any CPU.Build.0 = Debug|Any CPU
		{F542D92A-C026-4CE0-81C1-26DA35FC1D0C}.Release|Any CPU.ActiveCfg = Release|Any CPU
		{F542D92A-C026-4CE0-81C1-26DA35FC1D0C}.Release|Any CPU.Build.0 = Release|Any CPU
	EndGlobalSection
	GlobalSection(SolutionProperties) = preSolution
		HideSolutionNode = FALSE
	EndGlobalSection
EndGlobal
