
Microsoft Visual Studio Solution File, Format Version 12.00
# Visual Studio 15
VisualStudioVersion = 15.0.26730.8
MinimumVisualStudioVersion = 10.0.40219.1
Project("{FAE04EC0-301F-11D3-BF4B-00C04F79EFBC}") = "CharsArray", "CharsArray\CharsArray.csproj", "{5B2FE3A8-9474-4113-A38B-82178736520F}"
EndProject
Project("{FAE04EC0-301F-11D3-BF4B-00C04F79EFBC}") = "CharsArray.Tests", "CharsArray.Tests\CharsArray.Tests.csproj", "{86673C81-9887-4257-B928-3B62A9A9B92C}"
EndProject
Project("{FAE04EC0-301F-11D3-BF4B-00C04F79EFBC}") = "CharsArray_starter", "CharsArray_starter\CharsArray_starter.csproj", "{D6E674AF-7D26-4BB7-9681-CF88AA32FAC6}"
EndProject
Global
	GlobalSection(SolutionConfigurationPlatforms) = preSolution
		Debug|Any CPU = Debug|Any CPU
		Release|Any CPU = Release|Any CPU
	EndGlobalSection
	GlobalSection(ProjectConfigurationPlatforms) = postSolution
		{5B2FE3A8-9474-4113-A38B-82178736520F}.Debug|Any CPU.ActiveCfg = Debug|Any CPU
		{5B2FE3A8-9474-4113-A38B-82178736520F}.Debug|Any CPU.Build.0 = Debug|Any CPU
		{5B2FE3A8-9474-4113-A38B-82178736520F}.Release|Any CPU.ActiveCfg = Release|Any CPU
		{5B2FE3A8-9474-4113-A38B-82178736520F}.Release|Any CPU.Build.0 = Release|Any CPU
		{86673C81-9887-4257-B928-3B62A9A9B92C}.Debug|Any CPU.ActiveCfg = Debug|Any CPU
		{86673C81-9887-4257-B928-3B62A9A9B92C}.Debug|Any CPU.Build.0 = Debug|Any CPU
		{86673C81-9887-4257-B928-3B62A9A9B92C}.Release|Any CPU.ActiveCfg = Release|Any CPU
		{86673C81-9887-4257-B928-3B62A9A9B92C}.Release|Any CPU.Build.0 = Release|Any CPU
		{D6E674AF-7D26-4BB7-9681-CF88AA32FAC6}.Debug|Any CPU.ActiveCfg = Debug|Any CPU
		{D6E674AF-7D26-4BB7-9681-CF88AA32FAC6}.Debug|Any CPU.Build.0 = Debug|Any CPU
		{D6E674AF-7D26-4BB7-9681-CF88AA32FAC6}.Release|Any CPU.ActiveCfg = Release|Any CPU
		{D6E674AF-7D26-4BB7-9681-CF88AA32FAC6}.Release|Any CPU.Build.0 = Release|Any CPU
	EndGlobalSection
	GlobalSection(SolutionProperties) = preSolution
		HideSolutionNode = FALSE
	EndGlobalSection
	GlobalSection(ExtensibilityGlobals) = postSolution
		SolutionGuid = {BE88E5F2-F98E-4B8D-9CC0-51425932982F}
	EndGlobalSection
EndGlobal
