
Microsoft Visual Studio Solution File, Format Version 12.00
# Visual Studio 15
VisualStudioVersion = 15.0.26430.16
MinimumVisualStudioVersion = 10.0.40219.1
Project("{FAE04EC0-301F-11D3-BF4B-00C04F79EFBC}") = "LinkedListTools", "LinkedListTools\LinkedListTools.csproj", "{93A4CDDC-F887-44F2-BE9B-9C2D71945699}"
EndProject
Project("{FAE04EC0-301F-11D3-BF4B-00C04F79EFBC}") = "LinkedListTools_starter", "LinkedListTools_starter\LinkedListTools_starter.csproj", "{6D74B403-798A-4536-83D9-4D3EDF0736D9}"
EndProject
Project("{FAE04EC0-301F-11D3-BF4B-00C04F79EFBC}") = "LinkedListTools.Tests", "LinkedListTools.Tests\LinkedListTools.Tests.csproj", "{E8F53BCC-4FA1-4215-9D02-53794E44E1F9}"
EndProject
Global
	GlobalSection(SolutionConfigurationPlatforms) = preSolution
		Debug|Any CPU = Debug|Any CPU
		Release|Any CPU = Release|Any CPU
	EndGlobalSection
	GlobalSection(ProjectConfigurationPlatforms) = postSolution
		{93A4CDDC-F887-44F2-BE9B-9C2D71945699}.Debug|Any CPU.ActiveCfg = Debug|Any CPU
		{93A4CDDC-F887-44F2-BE9B-9C2D71945699}.Debug|Any CPU.Build.0 = Debug|Any CPU
		{93A4CDDC-F887-44F2-BE9B-9C2D71945699}.Release|Any CPU.ActiveCfg = Release|Any CPU
		{93A4CDDC-F887-44F2-BE9B-9C2D71945699}.Release|Any CPU.Build.0 = Release|Any CPU
		{6D74B403-798A-4536-83D9-4D3EDF0736D9}.Debug|Any CPU.ActiveCfg = Debug|Any CPU
		{6D74B403-798A-4536-83D9-4D3EDF0736D9}.Debug|Any CPU.Build.0 = Debug|Any CPU
		{6D74B403-798A-4536-83D9-4D3EDF0736D9}.Release|Any CPU.ActiveCfg = Release|Any CPU
		{6D74B403-798A-4536-83D9-4D3EDF0736D9}.Release|Any CPU.Build.0 = Release|Any CPU
		{E8F53BCC-4FA1-4215-9D02-53794E44E1F9}.Debug|Any CPU.ActiveCfg = Debug|Any CPU
		{E8F53BCC-4FA1-4215-9D02-53794E44E1F9}.Debug|Any CPU.Build.0 = Debug|Any CPU
		{E8F53BCC-4FA1-4215-9D02-53794E44E1F9}.Release|Any CPU.ActiveCfg = Release|Any CPU
		{E8F53BCC-4FA1-4215-9D02-53794E44E1F9}.Release|Any CPU.Build.0 = Release|Any CPU
	EndGlobalSection
	GlobalSection(SolutionProperties) = preSolution
		HideSolutionNode = FALSE
	EndGlobalSection
EndGlobal
