
Microsoft Visual Studio Solution File, Format Version 12.00
# Visual Studio 15
VisualStudioVersion = 15.0.27703.2042
MinimumVisualStudioVersion = 10.0.40219.1
Project("{FAE04EC0-301F-11D3-BF4B-00C04F79EFBC}") = "WordsInSentence", "WordsInSentence\WordsInSentence.csproj", "{EE492DA1-2FDF-40BA-8ED0-97A2694B241E}"
EndProject
Project("{FAE04EC0-301F-11D3-BF4B-00C04F79EFBC}") = "UnitTestProject1", "UnitTestProject1\UnitTestProject1.csproj", "{B9AFB331-24D1-45DA-89DA-09096B49B572}"
EndProject
Global
	GlobalSection(SolutionConfigurationPlatforms) = preSolution
		Debug|Any CPU = Debug|Any CPU
		Release|Any CPU = Release|Any CPU
	EndGlobalSection
	GlobalSection(ProjectConfigurationPlatforms) = postSolution
		{EE492DA1-2FDF-40BA-8ED0-97A2694B241E}.Debug|Any CPU.ActiveCfg = Debug|Any CPU
		{EE492DA1-2FDF-40BA-8ED0-97A2694B241E}.Debug|Any CPU.Build.0 = Debug|Any CPU
		{EE492DA1-2FDF-40BA-8ED0-97A2694B241E}.Release|Any CPU.ActiveCfg = Release|Any CPU
		{EE492DA1-2FDF-40BA-8ED0-97A2694B241E}.Release|Any CPU.Build.0 = Release|Any CPU
		{B9AFB331-24D1-45DA-89DA-09096B49B572}.Debug|Any CPU.ActiveCfg = Debug|Any CPU
		{B9AFB331-24D1-45DA-89DA-09096B49B572}.Debug|Any CPU.Build.0 = Debug|Any CPU
		{B9AFB331-24D1-45DA-89DA-09096B49B572}.Release|Any CPU.ActiveCfg = Release|Any CPU
		{B9AFB331-24D1-45DA-89DA-09096B49B572}.Release|Any CPU.Build.0 = Release|Any CPU
	EndGlobalSection
	GlobalSection(SolutionProperties) = preSolution
		HideSolutionNode = FALSE
	EndGlobalSection
	GlobalSection(ExtensibilityGlobals) = postSolution
		SolutionGuid = {164EF60C-9BFA-4F7D-93A0-9814B9FB033D}
	EndGlobalSection
EndGlobal
