
Microsoft Visual Studio Solution File, Format Version 12.00
# Visual Studio 15
VisualStudioVersion = 15.0.27130.2024
MinimumVisualStudioVersion = 10.0.40219.1
Project("{FAE04EC0-301F-11D3-BF4B-00C04F79EFBC}") = "CycledSortedLinkedList", "CycledSortedLinkedList\CycledSortedLinkedList.csproj", "{29708246-4463-4445-9FE4-07F8026CADD4}"
EndProject
Global
	GlobalSection(SolutionConfigurationPlatforms) = preSolution
		Debug|Any CPU = Debug|Any CPU
		Release|Any CPU = Release|Any CPU
	EndGlobalSection
	GlobalSection(ProjectConfigurationPlatforms) = postSolution
		{29708246-4463-4445-9FE4-07F8026CADD4}.Debug|Any CPU.ActiveCfg = Debug|Any CPU
		{29708246-4463-4445-9FE4-07F8026CADD4}.Debug|Any CPU.Build.0 = Debug|Any CPU
		{29708246-4463-4445-9FE4-07F8026CADD4}.Release|Any CPU.ActiveCfg = Release|Any CPU
		{29708246-4463-4445-9FE4-07F8026CADD4}.Release|Any CPU.Build.0 = Release|Any CPU
	EndGlobalSection
	GlobalSection(SolutionProperties) = preSolution
		HideSolutionNode = FALSE
	EndGlobalSection
	GlobalSection(ExtensibilityGlobals) = postSolution
		SolutionGuid = {F5186E7C-4D40-4AE7-B53B-AF7AB1CB3C9A}
	EndGlobalSection
EndGlobal
