
Microsoft Visual Studio Solution File, Format Version 12.00
# Visual Studio 15
VisualStudioVersion = 15.0.26430.16
MinimumVisualStudioVersion = 10.0.40219.1
Project("{FAE04EC0-301F-11D3-BF4B-00C04F79EFBC}") = "TextTools", "TextTools\TextTools.csproj", "{299F0C0F-78BD-4C5D-9DC3-D77D05120545}"
EndProject
Project("{FAE04EC0-301F-11D3-BF4B-00C04F79EFBC}") = "TextTools_starter", "TextTools_starter\TextTools_starter.csproj", "{8A5B5FCF-A08E-472E-8108-878C66748C5E}"
EndProject
Project("{FAE04EC0-301F-11D3-BF4B-00C04F79EFBC}") = "TextTools.Tests", "TextTools.Tests\TextTools.Tests.csproj", "{4E2D5836-B36D-49FB-B810-FD29C09958FC}"
EndProject
Global
	GlobalSection(SolutionConfigurationPlatforms) = preSolution
		Debug|Any CPU = Debug|Any CPU
		Release|Any CPU = Release|Any CPU
	EndGlobalSection
	GlobalSection(ProjectConfigurationPlatforms) = postSolution
		{299F0C0F-78BD-4C5D-9DC3-D77D05120545}.Debug|Any CPU.ActiveCfg = Debug|Any CPU
		{299F0C0F-78BD-4C5D-9DC3-D77D05120545}.Debug|Any CPU.Build.0 = Debug|Any CPU
		{299F0C0F-78BD-4C5D-9DC3-D77D05120545}.Release|Any CPU.ActiveCfg = Release|Any CPU
		{299F0C0F-78BD-4C5D-9DC3-D77D05120545}.Release|Any CPU.Build.0 = Release|Any CPU
		{8A5B5FCF-A08E-472E-8108-878C66748C5E}.Debug|Any CPU.ActiveCfg = Debug|Any CPU
		{8A5B5FCF-A08E-472E-8108-878C66748C5E}.Debug|Any CPU.Build.0 = Debug|Any CPU
		{8A5B5FCF-A08E-472E-8108-878C66748C5E}.Release|Any CPU.ActiveCfg = Release|Any CPU
		{8A5B5FCF-A08E-472E-8108-878C66748C5E}.Release|Any CPU.Build.0 = Release|Any CPU
		{4E2D5836-B36D-49FB-B810-FD29C09958FC}.Debug|Any CPU.ActiveCfg = Debug|Any CPU
		{4E2D5836-B36D-49FB-B810-FD29C09958FC}.Debug|Any CPU.Build.0 = Debug|Any CPU
		{4E2D5836-B36D-49FB-B810-FD29C09958FC}.Release|Any CPU.ActiveCfg = Release|Any CPU
		{4E2D5836-B36D-49FB-B810-FD29C09958FC}.Release|Any CPU.Build.0 = Release|Any CPU
	EndGlobalSection
	GlobalSection(SolutionProperties) = preSolution
		HideSolutionNode = FALSE
	EndGlobalSection
EndGlobal
