
Microsoft Visual Studio Solution File, Format Version 12.00
# Visual Studio 15
VisualStudioVersion = 15.0.27130.2024
MinimumVisualStudioVersion = 10.0.40219.1
Project("{FAE04EC0-301F-11D3-BF4B-00C04F79EFBC}") = "Task_71", "Task_71\Task_71.csproj", "{9AB24129-8E01-4A4F-B07C-7858B7E050D2}"
EndProject
Project("{FAE04EC0-301F-11D3-BF4B-00C04F79EFBC}") = "UnitTestProject1", "UnitTestProject1\UnitTestProject1.csproj", "{A148150D-E8DF-46CE-9EF1-4438C56DE0E8}"
EndProject
Global
	GlobalSection(SolutionConfigurationPlatforms) = preSolution
		Debug|Any CPU = Debug|Any CPU
		Release|Any CPU = Release|Any CPU
	EndGlobalSection
	GlobalSection(ProjectConfigurationPlatforms) = postSolution
		{9AB24129-8E01-4A4F-B07C-7858B7E050D2}.Debug|Any CPU.ActiveCfg = Debug|Any CPU
		{9AB24129-8E01-4A4F-B07C-7858B7E050D2}.Debug|Any CPU.Build.0 = Debug|Any CPU
		{9AB24129-8E01-4A4F-B07C-7858B7E050D2}.Release|Any CPU.ActiveCfg = Release|Any CPU
		{9AB24129-8E01-4A4F-B07C-7858B7E050D2}.Release|Any CPU.Build.0 = Release|Any CPU
		{A148150D-E8DF-46CE-9EF1-4438C56DE0E8}.Debug|Any CPU.ActiveCfg = Debug|Any CPU
		{A148150D-E8DF-46CE-9EF1-4438C56DE0E8}.Debug|Any CPU.Build.0 = Debug|Any CPU
		{A148150D-E8DF-46CE-9EF1-4438C56DE0E8}.Release|Any CPU.ActiveCfg = Release|Any CPU
		{A148150D-E8DF-46CE-9EF1-4438C56DE0E8}.Release|Any CPU.Build.0 = Release|Any CPU
	EndGlobalSection
	GlobalSection(SolutionProperties) = preSolution
		HideSolutionNode = FALSE
	EndGlobalSection
	GlobalSection(ExtensibilityGlobals) = postSolution
		SolutionGuid = {355A787F-94BC-4CEC-BC81-73EFA1761A4A}
	EndGlobalSection
EndGlobal
