
Microsoft Visual Studio Solution File, Format Version 12.00
# Visual Studio 15
VisualStudioVersion = 15.0.26730.16
MinimumVisualStudioVersion = 10.0.40219.1
Project("{FAE04EC0-301F-11D3-BF4B-00C04F79EFBC}") = "ArrayElementsPicker.Tests", "UnitTestProject1\ArrayElementsPicker.Tests.csproj", "{C07B8D24-FC15-4C6D-A9E4-E4D8EAC9283D}"
EndProject
Project("{FAE04EC0-301F-11D3-BF4B-00C04F79EFBC}") = "ArrayElementsPicker", "ArrayElementsPicker\ArrayElementsPicker.csproj", "{749EE23D-A7B2-4194-AA2D-473F8EDE5A59}"
EndProject
Global
	GlobalSection(SolutionConfigurationPlatforms) = preSolution
		Debug|Any CPU = Debug|Any CPU
		Release|Any CPU = Release|Any CPU
	EndGlobalSection
	GlobalSection(ProjectConfigurationPlatforms) = postSolution
		{C07B8D24-FC15-4C6D-A9E4-E4D8EAC9283D}.Debug|Any CPU.ActiveCfg = Debug|Any CPU
		{C07B8D24-FC15-4C6D-A9E4-E4D8EAC9283D}.Debug|Any CPU.Build.0 = Debug|Any CPU
		{C07B8D24-FC15-4C6D-A9E4-E4D8EAC9283D}.Release|Any CPU.ActiveCfg = Release|Any CPU
		{C07B8D24-FC15-4C6D-A9E4-E4D8EAC9283D}.Release|Any CPU.Build.0 = Release|Any CPU
		{749EE23D-A7B2-4194-AA2D-473F8EDE5A59}.Debug|Any CPU.ActiveCfg = Debug|Any CPU
		{749EE23D-A7B2-4194-AA2D-473F8EDE5A59}.Debug|Any CPU.Build.0 = Debug|Any CPU
		{749EE23D-A7B2-4194-AA2D-473F8EDE5A59}.Release|Any CPU.ActiveCfg = Release|Any CPU
		{749EE23D-A7B2-4194-AA2D-473F8EDE5A59}.Release|Any CPU.Build.0 = Release|Any CPU
	EndGlobalSection
	GlobalSection(SolutionProperties) = preSolution
		HideSolutionNode = FALSE
	EndGlobalSection
	GlobalSection(ExtensibilityGlobals) = postSolution
		SolutionGuid = {2243C7FD-2313-4DF0-90E2-45EE637F3E5E}
	EndGlobalSection
EndGlobal
