
Microsoft Visual Studio Solution File, Format Version 12.00
# Visual Studio 15
VisualStudioVersion = 15.0.26730.15
MinimumVisualStudioVersion = 10.0.40219.1
Project("{FAE04EC0-301F-11D3-BF4B-00C04F79EFBC}") = "NumbersOfNextNumbers", "ConsoleApp1\NumbersOfNextNumbers.csproj", "{D7F10C0F-E5F9-4FDD-A7C6-6923F002F5EA}"
EndProject
Project("{FAE04EC0-301F-11D3-BF4B-00C04F79EFBC}") = "UnitTestProject1", "UnitTestProject1\UnitTestProject1.csproj", "{7328B914-EA15-4A08-BD0A-FCF7F0F7F317}"
EndProject
Global
	GlobalSection(SolutionConfigurationPlatforms) = preSolution
		Debug|Any CPU = Debug|Any CPU
		Release|Any CPU = Release|Any CPU
	EndGlobalSection
	GlobalSection(ProjectConfigurationPlatforms) = postSolution
		{D7F10C0F-E5F9-4FDD-A7C6-6923F002F5EA}.Debug|Any CPU.ActiveCfg = Debug|Any CPU
		{D7F10C0F-E5F9-4FDD-A7C6-6923F002F5EA}.Debug|Any CPU.Build.0 = Debug|Any CPU
		{D7F10C0F-E5F9-4FDD-A7C6-6923F002F5EA}.Release|Any CPU.ActiveCfg = Release|Any CPU
		{D7F10C0F-E5F9-4FDD-A7C6-6923F002F5EA}.Release|Any CPU.Build.0 = Release|Any CPU
		{7328B914-EA15-4A08-BD0A-FCF7F0F7F317}.Debug|Any CPU.ActiveCfg = Debug|Any CPU
		{7328B914-EA15-4A08-BD0A-FCF7F0F7F317}.Debug|Any CPU.Build.0 = Debug|Any CPU
		{7328B914-EA15-4A08-BD0A-FCF7F0F7F317}.Release|Any CPU.ActiveCfg = Release|Any CPU
		{7328B914-EA15-4A08-BD0A-FCF7F0F7F317}.Release|Any CPU.Build.0 = Release|Any CPU
	EndGlobalSection
	GlobalSection(SolutionProperties) = preSolution
		HideSolutionNode = FALSE
	EndGlobalSection
	GlobalSection(ExtensibilityGlobals) = postSolution
		SolutionGuid = {D75C0572-0CEF-4F9C-9E0A-331011F61320}
	EndGlobalSection
EndGlobal
