
Microsoft Visual Studio Solution File, Format Version 12.00
# Visual Studio 15
VisualStudioVersion = 15.0.26430.16
MinimumVisualStudioVersion = 10.0.40219.1
Project("{FAE04EC0-301F-11D3-BF4B-00C04F79EFBC}") = "LargestSum_starter", "Task_38\LargestSum_starter.csproj", "{DA66BB9F-0D1A-45C7-BF02-E66F3421E269}"
EndProject
Project("{FAE04EC0-301F-11D3-BF4B-00C04F79EFBC}") = "LargestSumSearch", "LargestSum\LargestSumSearch.csproj", "{8B60A40F-D411-44C9-995D-F159344622F7}"
EndProject
Project("{FAE04EC0-301F-11D3-BF4B-00C04F79EFBC}") = "LargestSumSearch.Test", "LargestSumSearch.Test\LargestSumSearch.Test.csproj", "{94AA971F-5540-43DB-973A-57239F23DDAC}"
EndProject
Global
	GlobalSection(SolutionConfigurationPlatforms) = preSolution
		Debug|Any CPU = Debug|Any CPU
		Release|Any CPU = Release|Any CPU
	EndGlobalSection
	GlobalSection(ProjectConfigurationPlatforms) = postSolution
		{DA66BB9F-0D1A-45C7-BF02-E66F3421E269}.Debug|Any CPU.ActiveCfg = Debug|Any CPU
		{DA66BB9F-0D1A-45C7-BF02-E66F3421E269}.Debug|Any CPU.Build.0 = Debug|Any CPU
		{DA66BB9F-0D1A-45C7-BF02-E66F3421E269}.Release|Any CPU.ActiveCfg = Release|Any CPU
		{DA66BB9F-0D1A-45C7-BF02-E66F3421E269}.Release|Any CPU.Build.0 = Release|Any CPU
		{8B60A40F-D411-44C9-995D-F159344622F7}.Debug|Any CPU.ActiveCfg = Debug|Any CPU
		{8B60A40F-D411-44C9-995D-F159344622F7}.Debug|Any CPU.Build.0 = Debug|Any CPU
		{8B60A40F-D411-44C9-995D-F159344622F7}.Release|Any CPU.ActiveCfg = Release|Any CPU
		{8B60A40F-D411-44C9-995D-F159344622F7}.Release|Any CPU.Build.0 = Release|Any CPU
		{94AA971F-5540-43DB-973A-57239F23DDAC}.Debug|Any CPU.ActiveCfg = Debug|Any CPU
		{94AA971F-5540-43DB-973A-57239F23DDAC}.Debug|Any CPU.Build.0 = Debug|Any CPU
		{94AA971F-5540-43DB-973A-57239F23DDAC}.Release|Any CPU.ActiveCfg = Release|Any CPU
		{94AA971F-5540-43DB-973A-57239F23DDAC}.Release|Any CPU.Build.0 = Release|Any CPU
	EndGlobalSection
	GlobalSection(SolutionProperties) = preSolution
		HideSolutionNode = FALSE
	EndGlobalSection
EndGlobal
