
Microsoft Visual Studio Solution File, Format Version 12.00
# Visual Studio 15
VisualStudioVersion = 15.0.26430.16
MinimumVisualStudioVersion = 10.0.40219.1
Project("{FAE04EC0-301F-11D3-BF4B-00C04F79EFBC}") = "BinaryTreeTools", "BinaryTreeTools\BinaryTreeTools.csproj", "{5F5E4AA4-5143-44ED-82DA-C50CDBEBD8C6}"
EndProject
Project("{FAE04EC0-301F-11D3-BF4B-00C04F79EFBC}") = "BinaryTreeTools_starter", "BinaryTreeTools_starter\BinaryTreeTools_starter.csproj", "{AB46DED1-8804-404A-857C-E3FC05D6EB34}"
EndProject
Project("{FAE04EC0-301F-11D3-BF4B-00C04F79EFBC}") = "BinaryTreeTools.Tests", "BinaryTreeTools.Tests\BinaryTreeTools.Tests.csproj", "{EC7A4AF8-B487-49B2-A5F3-0C81CEAA7605}"
EndProject
Global
	GlobalSection(SolutionConfigurationPlatforms) = preSolution
		Debug|Any CPU = Debug|Any CPU
		Release|Any CPU = Release|Any CPU
	EndGlobalSection
	GlobalSection(ProjectConfigurationPlatforms) = postSolution
		{5F5E4AA4-5143-44ED-82DA-C50CDBEBD8C6}.Debug|Any CPU.ActiveCfg = Debug|Any CPU
		{5F5E4AA4-5143-44ED-82DA-C50CDBEBD8C6}.Debug|Any CPU.Build.0 = Debug|Any CPU
		{5F5E4AA4-5143-44ED-82DA-C50CDBEBD8C6}.Release|Any CPU.ActiveCfg = Release|Any CPU
		{5F5E4AA4-5143-44ED-82DA-C50CDBEBD8C6}.Release|Any CPU.Build.0 = Release|Any CPU
		{AB46DED1-8804-404A-857C-E3FC05D6EB34}.Debug|Any CPU.ActiveCfg = Debug|Any CPU
		{AB46DED1-8804-404A-857C-E3FC05D6EB34}.Debug|Any CPU.Build.0 = Debug|Any CPU
		{AB46DED1-8804-404A-857C-E3FC05D6EB34}.Release|Any CPU.ActiveCfg = Release|Any CPU
		{AB46DED1-8804-404A-857C-E3FC05D6EB34}.Release|Any CPU.Build.0 = Release|Any CPU
		{EC7A4AF8-B487-49B2-A5F3-0C81CEAA7605}.Debug|Any CPU.ActiveCfg = Debug|Any CPU
		{EC7A4AF8-B487-49B2-A5F3-0C81CEAA7605}.Debug|Any CPU.Build.0 = Debug|Any CPU
		{EC7A4AF8-B487-49B2-A5F3-0C81CEAA7605}.Release|Any CPU.ActiveCfg = Release|Any CPU
		{EC7A4AF8-B487-49B2-A5F3-0C81CEAA7605}.Release|Any CPU.Build.0 = Release|Any CPU
	EndGlobalSection
	GlobalSection(SolutionProperties) = preSolution
		HideSolutionNode = FALSE
	EndGlobalSection
EndGlobal
