
Microsoft Visual Studio Solution File, Format Version 12.00
# Visual Studio 15
VisualStudioVersion = 15.0.26730.10
MinimumVisualStudioVersion = 10.0.40219.1
Project("{FAE04EC0-301F-11D3-BF4B-00C04F79EFBC}") = "ArrayPrinter", "ArrayPrinter\ArrayPrinter.csproj", "{39B7F029-2BF2-4EC4-88A3-BA1E80FC5ECA}"
EndProject
Project("{FAE04EC0-301F-11D3-BF4B-00C04F79EFBC}") = "ArrayPrinter_starter", "ArrayPrinter_starter\ArrayPrinter_starter.csproj", "{418D09A5-7D67-4B94-B77A-81F35CA7A3A1}"
EndProject
Project("{FAE04EC0-301F-11D3-BF4B-00C04F79EFBC}") = "ArrayPrinter.Tests", "ArrayPrinter.Tests\ArrayPrinter.Tests.csproj", "{A3E7776F-B8B5-44C3-94C9-D036A16F1694}"
EndProject
Global
	GlobalSection(SolutionConfigurationPlatforms) = preSolution
		Debug|Any CPU = Debug|Any CPU
		Release|Any CPU = Release|Any CPU
	EndGlobalSection
	GlobalSection(ProjectConfigurationPlatforms) = postSolution
		{39B7F029-2BF2-4EC4-88A3-BA1E80FC5ECA}.Debug|Any CPU.ActiveCfg = Debug|Any CPU
		{39B7F029-2BF2-4EC4-88A3-BA1E80FC5ECA}.Debug|Any CPU.Build.0 = Debug|Any CPU
		{39B7F029-2BF2-4EC4-88A3-BA1E80FC5ECA}.Release|Any CPU.ActiveCfg = Release|Any CPU
		{39B7F029-2BF2-4EC4-88A3-BA1E80FC5ECA}.Release|Any CPU.Build.0 = Release|Any CPU
		{418D09A5-7D67-4B94-B77A-81F35CA7A3A1}.Debug|Any CPU.ActiveCfg = Debug|Any CPU
		{418D09A5-7D67-4B94-B77A-81F35CA7A3A1}.Debug|Any CPU.Build.0 = Debug|Any CPU
		{418D09A5-7D67-4B94-B77A-81F35CA7A3A1}.Release|Any CPU.ActiveCfg = Release|Any CPU
		{418D09A5-7D67-4B94-B77A-81F35CA7A3A1}.Release|Any CPU.Build.0 = Release|Any CPU
		{A3E7776F-B8B5-44C3-94C9-D036A16F1694}.Debug|Any CPU.ActiveCfg = Debug|Any CPU
		{A3E7776F-B8B5-44C3-94C9-D036A16F1694}.Debug|Any CPU.Build.0 = Debug|Any CPU
		{A3E7776F-B8B5-44C3-94C9-D036A16F1694}.Release|Any CPU.ActiveCfg = Release|Any CPU
		{A3E7776F-B8B5-44C3-94C9-D036A16F1694}.Release|Any CPU.Build.0 = Release|Any CPU
	EndGlobalSection
	GlobalSection(SolutionProperties) = preSolution
		HideSolutionNode = FALSE
	EndGlobalSection
	GlobalSection(ExtensibilityGlobals) = postSolution
		SolutionGuid = {87F95E50-C7B3-4F6E-A23C-53AACA9A24AD}
	EndGlobalSection
EndGlobal
