
Microsoft Visual Studio Solution File, Format Version 12.00
# Visual Studio 15
VisualStudioVersion = 15.0.27130.2026
MinimumVisualStudioVersion = 10.0.40219.1
Project("{FAE04EC0-301F-11D3-BF4B-00C04F79EFBC}") = "BingTestTask", "BingTestTask\BingTestTask.csproj", "{480A52BE-F1E1-4C97-B8D5-6F85AC00E5AD}"
EndProject
Project("{FAE04EC0-301F-11D3-BF4B-00C04F79EFBC}") = "UnitTestProject1", "UnitTestProject1\UnitTestProject1.csproj", "{AA5ED9E9-EE76-4803-B6CA-642132B2541B}"
EndProject
Global
	GlobalSection(SolutionConfigurationPlatforms) = preSolution
		Debug|Any CPU = Debug|Any CPU
		Release|Any CPU = Release|Any CPU
	EndGlobalSection
	GlobalSection(ProjectConfigurationPlatforms) = postSolution
		{480A52BE-F1E1-4C97-B8D5-6F85AC00E5AD}.Debug|Any CPU.ActiveCfg = Debug|Any CPU
		{480A52BE-F1E1-4C97-B8D5-6F85AC00E5AD}.Debug|Any CPU.Build.0 = Debug|Any CPU
		{480A52BE-F1E1-4C97-B8D5-6F85AC00E5AD}.Release|Any CPU.ActiveCfg = Release|Any CPU
		{480A52BE-F1E1-4C97-B8D5-6F85AC00E5AD}.Release|Any CPU.Build.0 = Release|Any CPU
		{AA5ED9E9-EE76-4803-B6CA-642132B2541B}.Debug|Any CPU.ActiveCfg = Debug|Any CPU
		{AA5ED9E9-EE76-4803-B6CA-642132B2541B}.Debug|Any CPU.Build.0 = Debug|Any CPU
		{AA5ED9E9-EE76-4803-B6CA-642132B2541B}.Release|Any CPU.ActiveCfg = Release|Any CPU
		{AA5ED9E9-EE76-4803-B6CA-642132B2541B}.Release|Any CPU.Build.0 = Release|Any CPU
	EndGlobalSection
	GlobalSection(SolutionProperties) = preSolution
		HideSolutionNode = FALSE
	EndGlobalSection
	GlobalSection(ExtensibilityGlobals) = postSolution
		SolutionGuid = {5362699C-B02C-4FCB-B541-9441627C7CDA}
	EndGlobalSection
EndGlobal
